
Microsoft Visual Studio Solution File, Format Version 12.00
# Visual Studio Version 17
VisualStudioVersion = 17.14.36310.24 d17.14
MinimumVisualStudioVersion = 10.0.40219.1
Project("{FAE04EC0-301F-11D3-BF4B-00C04F79EFBC}") = "Ciudadanos", "Ciudadanos\Ciudadanos.csproj", "{3AE33CEA-B33C-48ED-BF10-7244CFA73D8F}"
EndProject
Global
	GlobalSection(SolutionConfigurationPlatforms) = preSolution
		Debug|Any CPU = Debug|Any CPU
		Release|Any CPU = Release|Any CPU
	EndGlobalSection
	GlobalSection(ProjectConfigurationPlatforms) = postSolution
		{3AE33CEA-B33C-48ED-BF10-7244CFA73D8F}.Debug|Any CPU.ActiveCfg = Debug|Any CPU
		{3AE33CEA-B33C-48ED-BF10-7244CFA73D8F}.Debug|Any CPU.Build.0 = Debug|Any CPU
		{3AE33CEA-B33C-48ED-BF10-7244CFA73D8F}.Release|Any CPU.ActiveCfg = Release|Any CPU
		{3AE33CEA-B33C-48ED-BF10-7244CFA73D8F}.Release|Any CPU.Build.0 = Release|Any CPU
	EndGlobalSection
	GlobalSection(SolutionProperties) = preSolution
		HideSolutionNode = FALSE
	EndGlobalSection
	GlobalSection(ExtensibilityGlobals) = postSolution
		SolutionGuid = {6688ABCF-E5C8-4B68-A70B-F8898D94DEC9}
	EndGlobalSection
EndGlobal
